
Microsoft Visual Studio Solution File, Format Version 12.00
# Visual Studio Version 17
VisualStudioVersion = 17.1.32421.90
MinimumVisualStudioVersion = 10.0.40219.1
Project("{FAE04EC0-301F-11D3-BF4B-00C04F79EFBC}") = "Provolver_HalfLifeAlyx", "Provolver_HalfLifeAlyx.csproj", "{CF103D9D-3189-4EEB-8BEB-0BC83957BAA5}"
EndProject
Global
	GlobalSection(SolutionConfigurationPlatforms) = preSolution
		Debug|Any CPU = Debug|Any CPU
		Release|Any CPU = Release|Any CPU
	EndGlobalSection
	GlobalSection(ProjectConfigurationPlatforms) = postSolution
		{CF103D9D-3189-4EEB-8BEB-0BC83957BAA5}.Debug|Any CPU.ActiveCfg = Debug|Any CPU
		{CF103D9D-3189-4EEB-8BEB-0BC83957BAA5}.Debug|Any CPU.Build.0 = Debug|Any CPU
		{CF103D9D-3189-4EEB-8BEB-0BC83957BAA5}.Release|Any CPU.ActiveCfg = Release|Any CPU
		{CF103D9D-3189-4EEB-8BEB-0BC83957BAA5}.Release|Any CPU.Build.0 = Release|Any CPU
	EndGlobalSection
	GlobalSection(SolutionProperties) = preSolution
		HideSolutionNode = FALSE
	EndGlobalSection
	GlobalSection(ExtensibilityGlobals) = postSolution
		SolutionGuid = {F2721A73-8192-48E8-BF48-989FF88D8813}
	EndGlobalSection
EndGlobal
